
Microsoft Visual Studio Solution File, Format Version 12.00
# Visual Studio Version 17
VisualStudioVersion = 17.0.31903.59
MinimumVisualStudioVersion = 10.0.40219.1
Project("{2150E333-8FDC-42A3-9474-1A3956D46DE8}") = "src", "src", "{827E0CD3-B72D-47B6-A68D-7590B98EB39B}"
EndProject
Project("{FAE04EC0-301F-11D3-BF4B-00C04F79EFBC}") = "OnboardMe.Web", "src\OnboardMe.Web\OnboardMe.Web.csproj", "{273F3608-EFE6-471C-84C3-297ACAC2BA17}"
EndProject
Project("{FAE04EC0-301F-11D3-BF4B-00C04F79EFBC}") = "OnboardMe.Web.Models", "src\OnboardMe.Web.Models\OnboardMe.Web.Models.csproj", "{A1B2C3D4-E5F6-47A8-9B0C-1D2E3F4A5B6C}"
EndProject
Project("{2150E333-8FDC-42A3-9474-1A3956D46DE8}") = "tests", "tests", "{0AB3BF05-4346-4AA6-1389-037BE0695223}"
EndProject
Project("{FAE04EC0-301F-11D3-BF4B-00C04F79EFBC}") = "OnboardMe.Web.Tests", "tests\OnboardMe.Web.Tests\OnboardMe.Web.Tests.csproj", "{1B689C07-A1DF-45A0-8F51-FCCE1F3F1981}"
EndProject
Global
	GlobalSection(SolutionConfigurationPlatforms) = preSolution
		Debug|Any CPU = Debug|Any CPU
		Debug|x64 = Debug|x64
		Debug|x86 = Debug|x86
		Release|Any CPU = Release|Any CPU
		Release|x64 = Release|x64
		Release|x86 = Release|x86
	EndGlobalSection
	GlobalSection(ProjectConfigurationPlatforms) = postSolution
		{273F3608-EFE6-471C-84C3-297ACAC2BA17}.Debug|Any CPU.ActiveCfg = Debug|Any CPU
		{273F3608-EFE6-471C-84C3-297ACAC2BA17}.Debug|Any CPU.Build.0 = Debug|Any CPU
		{273F3608-EFE6-471C-84C3-297ACAC2BA17}.Debug|x64.ActiveCfg = Debug|Any CPU
		{273F3608-EFE6-471C-84C3-297ACAC2BA17}.Debug|x64.Build.0 = Debug|Any CPU
		{273F3608-EFE6-471C-84C3-297ACAC2BA17}.Debug|x86.ActiveCfg = Debug|Any CPU
		{273F3608-EFE6-471C-84C3-297ACAC2BA17}.Debug|x86.Build.0 = Debug|Any CPU
		{273F3608-EFE6-471C-84C3-297ACAC2BA17}.Release|Any CPU.ActiveCfg = Release|Any CPU
		{273F3608-EFE6-471C-84C3-297ACAC2BA17}.Release|Any CPU.Build.0 = Release|Any CPU
		{273F3608-EFE6-471C-84C3-297ACAC2BA17}.Release|x64.ActiveCfg = Release|Any CPU
		{273F3608-EFE6-471C-84C3-297ACAC2BA17}.Release|x64.Build.0 = Release|Any CPU
		{273F3608-EFE6-471C-84C3-297ACAC2BA17}.Release|x86.ActiveCfg = Release|Any CPU
		{273F3608-EFE6-471C-84C3-297ACAC2BA17}.Release|x86.Build.0 = Release|Any CPU
		{A1B2C3D4-E5F6-47A8-9B0C-1D2E3F4A5B6C}.Debug|Any CPU.ActiveCfg = Debug|Any CPU
		{A1B2C3D4-E5F6-47A8-9B0C-1D2E3F4A5B6C}.Debug|Any CPU.Build.0 = Debug|Any CPU
		{A1B2C3D4-E5F6-47A8-9B0C-1D2E3F4A5B6C}.Debug|x64.ActiveCfg = Debug|Any CPU
		{A1B2C3D4-E5F6-47A8-9B0C-1D2E3F4A5B6C}.Debug|x64.Build.0 = Debug|Any CPU
		{A1B2C3D4-E5F6-47A8-9B0C-1D2E3F4A5B6C}.Debug|x86.ActiveCfg = Debug|Any CPU
		{A1B2C3D4-E5F6-47A8-9B0C-1D2E3F4A5B6C}.Debug|x86.Build.0 = Debug|Any CPU
		{A1B2C3D4-E5F6-47A8-9B0C-1D2E3F4A5B6C}.Release|Any CPU.ActiveCfg = Release|Any CPU
		{A1B2C3D4-E5F6-47A8-9B0C-1D2E3F4A5B6C}.Release|Any CPU.Build.0 = Release|Any CPU
		{A1B2C3D4-E5F6-47A8-9B0C-1D2E3F4A5B6C}.Release|x64.ActiveCfg = Release|Any CPU
		{A1B2C3D4-E5F6-47A8-9B0C-1D2E3F4A5B6C}.Release|x64.Build.0 = Release|Any CPU
		{A1B2C3D4-E5F6-47A8-9B0C-1D2E3F4A5B6C}.Release|x86.ActiveCfg = Release|Any CPU
		{A1B2C3D4-E5F6-47A8-9B0C-1D2E3F4A5B6C}.Release|x86.Build.0 = Release|Any CPU
		{1B689C07-A1DF-45A0-8F51-FCCE1F3F1981}.Debug|Any CPU.ActiveCfg = Debug|Any CPU
		{1B689C07-A1DF-45A0-8F51-FCCE1F3F1981}.Debug|Any CPU.Build.0 = Debug|Any CPU
		{1B689C07-A1DF-45A0-8F51-FCCE1F3F1981}.Debug|x64.ActiveCfg = Debug|Any CPU
		{1B689C07-A1DF-45A0-8F51-FCCE1F3F1981}.Debug|x64.Build.0 = Debug|Any CPU
		{1B689C07-A1DF-45A0-8F51-FCCE1F3F1981}.Debug|x86.ActiveCfg = Debug|Any CPU
		{1B689C07-A1DF-45A0-8F51-FCCE1F3F1981}.Debug|x86.Build.0 = Debug|Any CPU
		{1B689C07-A1DF-45A0-8F51-FCCE1F3F1981}.Release|Any CPU.ActiveCfg = Release|Any CPU
		{1B689C07-A1DF-45A0-8F51-FCCE1F3F1981}.Release|Any CPU.Build.0 = Release|Any CPU
		{1B689C07-A1DF-45A0-8F51-FCCE1F3F1981}.Release|x64.ActiveCfg = Release|Any CPU
		{1B689C07-A1DF-45A0-8F51-FCCE1F3F1981}.Release|x64.Build.0 = Release|Any CPU
		{1B689C07-A1DF-45A0-8F51-FCCE1F3F1981}.Release|x86.ActiveCfg = Release|Any CPU
		{1B689C07-A1DF-45A0-8F51-FCCE1F3F1981}.Release|x86.Build.0 = Release|Any CPU
	EndGlobalSection
	GlobalSection(SolutionProperties) = preSolution
		HideSolutionNode = FALSE
	EndGlobalSection
	GlobalSection(NestedProjects) = preSolution
		{273F3608-EFE6-471C-84C3-297ACAC2BA17} = {827E0CD3-B72D-47B6-A68D-7590B98EB39B}
		{A1B2C3D4-E5F6-47A8-9B0C-1D2E3F4A5B6C} = {827E0CD3-B72D-47B6-A68D-7590B98EB39B}
		{1B689C07-A1DF-45A0-8F51-FCCE1F3F1981} = {0AB3BF05-4346-4AA6-1389-037BE0695223}
	EndGlobalSection
EndGlobal
